
Microsoft Visual Studio Solution File, Format Version 12.00
# Visual Studio 15
VisualStudioVersion = 15.0.28010.0
MinimumVisualStudioVersion = 10.0.40219.1
Project("{FAE04EC0-301F-11D3-BF4B-00C04F79EFBC}") = "xofz.HasteTracker", "xofz.HasteTracker\xofz.HasteTracker.csproj", "{B1E9DA37-728F-44C0-8330-D1B018285F5B}"
EndProject
Global
	GlobalSection(SolutionConfigurationPlatforms) = preSolution
		Debug|Any CPU = Debug|Any CPU
		Release|Any CPU = Release|Any CPU
	EndGlobalSection
	GlobalSection(ProjectConfigurationPlatforms) = postSolution
		{B1E9DA37-728F-44C0-8330-D1B018285F5B}.Debug|Any CPU.ActiveCfg = Debug|Any CPU
		{B1E9DA37-728F-44C0-8330-D1B018285F5B}.Debug|Any CPU.Build.0 = Debug|Any CPU
		{B1E9DA37-728F-44C0-8330-D1B018285F5B}.Release|Any CPU.ActiveCfg = Release|Any CPU
		{B1E9DA37-728F-44C0-8330-D1B018285F5B}.Release|Any CPU.Build.0 = Release|Any CPU
	EndGlobalSection
	GlobalSection(SolutionProperties) = preSolution
		HideSolutionNode = FALSE
	EndGlobalSection
	GlobalSection(ExtensibilityGlobals) = postSolution
		SolutionGuid = {CFDCB0A1-5FF1-458A-BC25-218EA9F9A405}
	EndGlobalSection
EndGlobal
